
Microsoft Visual Studio Solution File, Format Version 12.00
# Visual Studio Version 16
VisualStudioVersion = 16.0.29509.3
MinimumVisualStudioVersion = 10.0.40219.1
Project("{9A19103F-16F7-4668-BE54-9A1E7A4F7556}") = "ArtArea.Web.Data", "ArtArea.Web.Data\ArtArea.Web.Data.csproj", "{16BDAA39-C6D4-450C-A797-42E74E2C1575}"
EndProject
Project("{9A19103F-16F7-4668-BE54-9A1E7A4F7556}") = "ArtArea.Web", "ArtArea.Web\ArtArea.Web.csproj", "{CF392D9B-22D7-4D27-BA7B-F2625342BD8C}"
EndProject
Project("{9A19103F-16F7-4668-BE54-9A1E7A4F7556}") = "ArtArea.Models", "ArtArea.Models\ArtArea.Models.csproj", "{94FD96AF-656A-4B17-A740-C630FABD6B54}"
EndProject
Project("{9A19103F-16F7-4668-BE54-9A1E7A4F7556}") = "ArtArea.Desktop", "ArtArea.Desktop\ArtArea.Desktop.csproj", "{0DACE73F-F45B-467B-8990-D58568C1A1F5}"
EndProject
Project("{6EC3EE1D-3C4E-46DD-8F32-0CC8E7565705}") = "ArtArea.Api", "ArtArea.Api\ArtArea.Api.fsproj", "{8A71D603-55BF-4CD2-A4D7-1BB45873C15B}"
EndProject
Global
	GlobalSection(SolutionConfigurationPlatforms) = preSolution
		Debug|Any CPU = Debug|Any CPU
		Release|Any CPU = Release|Any CPU
	EndGlobalSection
	GlobalSection(ProjectConfigurationPlatforms) = postSolution
		{16BDAA39-C6D4-450C-A797-42E74E2C1575}.Debug|Any CPU.ActiveCfg = Debug|Any CPU
		{16BDAA39-C6D4-450C-A797-42E74E2C1575}.Debug|Any CPU.Build.0 = Debug|Any CPU
		{16BDAA39-C6D4-450C-A797-42E74E2C1575}.Release|Any CPU.ActiveCfg = Release|Any CPU
		{16BDAA39-C6D4-450C-A797-42E74E2C1575}.Release|Any CPU.Build.0 = Release|Any CPU
		{CF392D9B-22D7-4D27-BA7B-F2625342BD8C}.Debug|Any CPU.ActiveCfg = Debug|Any CPU
		{CF392D9B-22D7-4D27-BA7B-F2625342BD8C}.Debug|Any CPU.Build.0 = Debug|Any CPU
		{CF392D9B-22D7-4D27-BA7B-F2625342BD8C}.Release|Any CPU.ActiveCfg = Release|Any CPU
		{CF392D9B-22D7-4D27-BA7B-F2625342BD8C}.Release|Any CPU.Build.0 = Release|Any CPU
		{94FD96AF-656A-4B17-A740-C630FABD6B54}.Debug|Any CPU.ActiveCfg = Debug|Any CPU
		{94FD96AF-656A-4B17-A740-C630FABD6B54}.Debug|Any CPU.Build.0 = Debug|Any CPU
		{94FD96AF-656A-4B17-A740-C630FABD6B54}.Release|Any CPU.ActiveCfg = Release|Any CPU
		{94FD96AF-656A-4B17-A740-C630FABD6B54}.Release|Any CPU.Build.0 = Release|Any CPU
		{0DACE73F-F45B-467B-8990-D58568C1A1F5}.Debug|Any CPU.ActiveCfg = Debug|Any CPU
		{0DACE73F-F45B-467B-8990-D58568C1A1F5}.Debug|Any CPU.Build.0 = Debug|Any CPU
		{0DACE73F-F45B-467B-8990-D58568C1A1F5}.Release|Any CPU.ActiveCfg = Release|Any CPU
		{0DACE73F-F45B-467B-8990-D58568C1A1F5}.Release|Any CPU.Build.0 = Release|Any CPU
		{8A71D603-55BF-4CD2-A4D7-1BB45873C15B}.Debug|Any CPU.ActiveCfg = Debug|Any CPU
		{8A71D603-55BF-4CD2-A4D7-1BB45873C15B}.Debug|Any CPU.Build.0 = Debug|Any CPU
		{8A71D603-55BF-4CD2-A4D7-1BB45873C15B}.Release|Any CPU.ActiveCfg = Release|Any CPU
		{8A71D603-55BF-4CD2-A4D7-1BB45873C15B}.Release|Any CPU.Build.0 = Release|Any CPU
	EndGlobalSection
	GlobalSection(SolutionProperties) = preSolution
		HideSolutionNode = FALSE
	EndGlobalSection
	GlobalSection(ExtensibilityGlobals) = postSolution
		SolutionGuid = {C7E5EE5A-669D-419D-94FC-FA4956BADEB1}
	EndGlobalSection
EndGlobal
